
Microsoft Visual Studio Solution File, Format Version 12.00
# Visual Studio 14
VisualStudioVersion = 14.0.25420.1
MinimumVisualStudioVersion = 10.0.40219.1
Project("{FAE04EC0-301F-11D3-BF4B-00C04F79EFBC}") = "AutoICU.AI.HypokalemiaV1", "AutoICU.AI.HypokalemiaV1\AutoICU.AI.HypokalemiaV1.csproj", "{4E416D2B-8613-4491-9EF9-0703A59EE747}"
EndProject
Project("{FAE04EC0-301F-11D3-BF4B-00C04F79EFBC}") = "AutoICU.AI", "AutoICU.AI\AutoICU.AI.csproj", "{BB9D9DA8-83F1-49A8-859D-402F0DC95A53}"
EndProject
Project("{FAE04EC0-301F-11D3-BF4B-00C04F79EFBC}") = "HypokalemiaTestUI", "HypokalemiaTestUI\HypokalemiaTestUI.csproj", "{1A3DC002-F289-4C0E-AF77-776E348310A2}"
EndProject
Project("{FAE04EC0-301F-11D3-BF4B-00C04F79EFBC}") = "AutoICU.AI.HypokalemiaV2", "AutoICU.AI.HypokalemiaV2\AutoICU.AI.HypokalemiaV2.csproj", "{33F4C172-9E23-46D2-A756-0B5C27A13178}"
EndProject
Project("{FAE04EC0-301F-11D3-BF4B-00C04F79EFBC}") = "ExcelTestRunner", "ExcelTestRunner\ExcelTestRunner.csproj", "{2EB547FE-D567-468F-82E7-8DF15AB60460}"
EndProject
Project("{FAE04EC0-301F-11D3-BF4B-00C04F79EFBC}") = "ExcelTestRunnerV2", "ExcelTestRunnerV2\ExcelTestRunnerV2.csproj", "{30800BA0-5394-41B7-84C4-78F00BC96468}"
EndProject
Project("{FAE04EC0-301F-11D3-BF4B-00C04F79EFBC}") = "HypokalemiaUI", "HypokalemiaUI\HypokalemiaUI.csproj", "{66DD3814-F073-4D32-BB67-0304DD252CF9}"
EndProject
Global
	GlobalSection(SolutionConfigurationPlatforms) = preSolution
		Debug|Any CPU = Debug|Any CPU
		Debug|x64 = Debug|x64
		Debug|x86 = Debug|x86
		Release|Any CPU = Release|Any CPU
		Release|x64 = Release|x64
		Release|x86 = Release|x86
	EndGlobalSection
	GlobalSection(ProjectConfigurationPlatforms) = postSolution
		{4E416D2B-8613-4491-9EF9-0703A59EE747}.Debug|Any CPU.ActiveCfg = Debug|Any CPU
		{4E416D2B-8613-4491-9EF9-0703A59EE747}.Debug|Any CPU.Build.0 = Debug|Any CPU
		{4E416D2B-8613-4491-9EF9-0703A59EE747}.Debug|x64.ActiveCfg = Debug|Any CPU
		{4E416D2B-8613-4491-9EF9-0703A59EE747}.Debug|x64.Build.0 = Debug|Any CPU
		{4E416D2B-8613-4491-9EF9-0703A59EE747}.Debug|x86.ActiveCfg = Debug|Any CPU
		{4E416D2B-8613-4491-9EF9-0703A59EE747}.Debug|x86.Build.0 = Debug|Any CPU
		{4E416D2B-8613-4491-9EF9-0703A59EE747}.Release|Any CPU.ActiveCfg = Release|Any CPU
		{4E416D2B-8613-4491-9EF9-0703A59EE747}.Release|Any CPU.Build.0 = Release|Any CPU
		{4E416D2B-8613-4491-9EF9-0703A59EE747}.Release|x64.ActiveCfg = Release|Any CPU
		{4E416D2B-8613-4491-9EF9-0703A59EE747}.Release|x64.Build.0 = Release|Any CPU
		{4E416D2B-8613-4491-9EF9-0703A59EE747}.Release|x86.ActiveCfg = Release|Any CPU
		{4E416D2B-8613-4491-9EF9-0703A59EE747}.Release|x86.Build.0 = Release|Any CPU
		{BB9D9DA8-83F1-49A8-859D-402F0DC95A53}.Debug|Any CPU.ActiveCfg = Debug|Any CPU
		{BB9D9DA8-83F1-49A8-859D-402F0DC95A53}.Debug|Any CPU.Build.0 = Debug|Any CPU
		{BB9D9DA8-83F1-49A8-859D-402F0DC95A53}.Debug|x64.ActiveCfg = Debug|Any CPU
		{BB9D9DA8-83F1-49A8-859D-402F0DC95A53}.Debug|x64.Build.0 = Debug|Any CPU
		{BB9D9DA8-83F1-49A8-859D-402F0DC95A53}.Debug|x86.ActiveCfg = Debug|Any CPU
		{BB9D9DA8-83F1-49A8-859D-402F0DC95A53}.Debug|x86.Build.0 = Debug|Any CPU
		{BB9D9DA8-83F1-49A8-859D-402F0DC95A53}.Release|Any CPU.ActiveCfg = Release|Any CPU
		{BB9D9DA8-83F1-49A8-859D-402F0DC95A53}.Release|Any CPU.Build.0 = Release|Any CPU
		{BB9D9DA8-83F1-49A8-859D-402F0DC95A53}.Release|x64.ActiveCfg = Release|Any CPU
		{BB9D9DA8-83F1-49A8-859D-402F0DC95A53}.Release|x64.Build.0 = Release|Any CPU
		{BB9D9DA8-83F1-49A8-859D-402F0DC95A53}.Release|x86.ActiveCfg = Release|Any CPU
		{BB9D9DA8-83F1-49A8-859D-402F0DC95A53}.Release|x86.Build.0 = Release|Any CPU
		{1A3DC002-F289-4C0E-AF77-776E348310A2}.Debug|Any CPU.ActiveCfg = Debug|Any CPU
		{1A3DC002-F289-4C0E-AF77-776E348310A2}.Debug|Any CPU.Build.0 = Debug|Any CPU
		{1A3DC002-F289-4C0E-AF77-776E348310A2}.Debug|x64.ActiveCfg = Debug|x64
		{1A3DC002-F289-4C0E-AF77-776E348310A2}.Debug|x64.Build.0 = Debug|x64
		{1A3DC002-F289-4C0E-AF77-776E348310A2}.Debug|x86.ActiveCfg = Debug|Any CPU
		{1A3DC002-F289-4C0E-AF77-776E348310A2}.Debug|x86.Build.0 = Debug|Any CPU
		{1A3DC002-F289-4C0E-AF77-776E348310A2}.Release|Any CPU.ActiveCfg = Release|Any CPU
		{1A3DC002-F289-4C0E-AF77-776E348310A2}.Release|Any CPU.Build.0 = Release|Any CPU
		{1A3DC002-F289-4C0E-AF77-776E348310A2}.Release|x64.ActiveCfg = Release|x64
		{1A3DC002-F289-4C0E-AF77-776E348310A2}.Release|x64.Build.0 = Release|x64
		{1A3DC002-F289-4C0E-AF77-776E348310A2}.Release|x86.ActiveCfg = Release|Any CPU
		{1A3DC002-F289-4C0E-AF77-776E348310A2}.Release|x86.Build.0 = Release|Any CPU
		{33F4C172-9E23-46D2-A756-0B5C27A13178}.Debug|Any CPU.ActiveCfg = Debug|Any CPU
		{33F4C172-9E23-46D2-A756-0B5C27A13178}.Debug|Any CPU.Build.0 = Debug|Any CPU
		{33F4C172-9E23-46D2-A756-0B5C27A13178}.Debug|x64.ActiveCfg = Debug|Any CPU
		{33F4C172-9E23-46D2-A756-0B5C27A13178}.Debug|x64.Build.0 = Debug|Any CPU
		{33F4C172-9E23-46D2-A756-0B5C27A13178}.Debug|x86.ActiveCfg = Debug|Any CPU
		{33F4C172-9E23-46D2-A756-0B5C27A13178}.Debug|x86.Build.0 = Debug|Any CPU
		{33F4C172-9E23-46D2-A756-0B5C27A13178}.Release|Any CPU.ActiveCfg = Release|Any CPU
		{33F4C172-9E23-46D2-A756-0B5C27A13178}.Release|Any CPU.Build.0 = Release|Any CPU
		{33F4C172-9E23-46D2-A756-0B5C27A13178}.Release|x64.ActiveCfg = Release|Any CPU
		{33F4C172-9E23-46D2-A756-0B5C27A13178}.Release|x64.Build.0 = Release|Any CPU
		{33F4C172-9E23-46D2-A756-0B5C27A13178}.Release|x86.ActiveCfg = Release|Any CPU
		{33F4C172-9E23-46D2-A756-0B5C27A13178}.Release|x86.Build.0 = Release|Any CPU
		{2EB547FE-D567-468F-82E7-8DF15AB60460}.Debug|Any CPU.ActiveCfg = Debug|Any CPU
		{2EB547FE-D567-468F-82E7-8DF15AB60460}.Debug|Any CPU.Build.0 = Debug|Any CPU
		{2EB547FE-D567-468F-82E7-8DF15AB60460}.Debug|x64.ActiveCfg = Debug|Any CPU
		{2EB547FE-D567-468F-82E7-8DF15AB60460}.Debug|x64.Build.0 = Debug|Any CPU
		{2EB547FE-D567-468F-82E7-8DF15AB60460}.Debug|x86.ActiveCfg = Debug|Any CPU
		{2EB547FE-D567-468F-82E7-8DF15AB60460}.Debug|x86.Build.0 = Debug|Any CPU
		{2EB547FE-D567-468F-82E7-8DF15AB60460}.Release|Any CPU.ActiveCfg = Release|Any CPU
		{2EB547FE-D567-468F-82E7-8DF15AB60460}.Release|Any CPU.Build.0 = Release|Any CPU
		{2EB547FE-D567-468F-82E7-8DF15AB60460}.Release|x64.ActiveCfg = Release|Any CPU
		{2EB547FE-D567-468F-82E7-8DF15AB60460}.Release|x64.Build.0 = Release|Any CPU
		{2EB547FE-D567-468F-82E7-8DF15AB60460}.Release|x86.ActiveCfg = Release|Any CPU
		{2EB547FE-D567-468F-82E7-8DF15AB60460}.Release|x86.Build.0 = Release|Any CPU
		{30800BA0-5394-41B7-84C4-78F00BC96468}.Debug|Any CPU.ActiveCfg = Debug|Any CPU
		{30800BA0-5394-41B7-84C4-78F00BC96468}.Debug|Any CPU.Build.0 = Debug|Any CPU
		{30800BA0-5394-41B7-84C4-78F00BC96468}.Debug|x64.ActiveCfg = Debug|Any CPU
		{30800BA0-5394-41B7-84C4-78F00BC96468}.Debug|x64.Build.0 = Debug|Any CPU
		{30800BA0-5394-41B7-84C4-78F00BC96468}.Debug|x86.ActiveCfg = Debug|Any CPU
		{30800BA0-5394-41B7-84C4-78F00BC96468}.Debug|x86.Build.0 = Debug|Any CPU
		{30800BA0-5394-41B7-84C4-78F00BC96468}.Release|Any CPU.ActiveCfg = Release|Any CPU
		{30800BA0-5394-41B7-84C4-78F00BC96468}.Release|Any CPU.Build.0 = Release|Any CPU
		{30800BA0-5394-41B7-84C4-78F00BC96468}.Release|x64.ActiveCfg = Release|Any CPU
		{30800BA0-5394-41B7-84C4-78F00BC96468}.Release|x64.Build.0 = Release|Any CPU
		{30800BA0-5394-41B7-84C4-78F00BC96468}.Release|x86.ActiveCfg = Release|Any CPU
		{30800BA0-5394-41B7-84C4-78F00BC96468}.Release|x86.Build.0 = Release|Any CPU
		{66DD3814-F073-4D32-BB67-0304DD252CF9}.Debug|Any CPU.ActiveCfg = Debug|Any CPU
		{66DD3814-F073-4D32-BB67-0304DD252CF9}.Debug|Any CPU.Build.0 = Debug|Any CPU
		{66DD3814-F073-4D32-BB67-0304DD252CF9}.Debug|x64.ActiveCfg = Debug|x64
		{66DD3814-F073-4D32-BB67-0304DD252CF9}.Debug|x64.Build.0 = Debug|x64
		{66DD3814-F073-4D32-BB67-0304DD252CF9}.Debug|x86.ActiveCfg = Debug|Any CPU
		{66DD3814-F073-4D32-BB67-0304DD252CF9}.Debug|x86.Build.0 = Debug|Any CPU
		{66DD3814-F073-4D32-BB67-0304DD252CF9}.Release|Any CPU.ActiveCfg = Release|Any CPU
		{66DD3814-F073-4D32-BB67-0304DD252CF9}.Release|Any CPU.Build.0 = Release|Any CPU
		{66DD3814-F073-4D32-BB67-0304DD252CF9}.Release|x64.ActiveCfg = Release|x64
		{66DD3814-F073-4D32-BB67-0304DD252CF9}.Release|x64.Build.0 = Release|x64
		{66DD3814-F073-4D32-BB67-0304DD252CF9}.Release|x86.ActiveCfg = Release|Any CPU
		{66DD3814-F073-4D32-BB67-0304DD252CF9}.Release|x86.Build.0 = Release|Any CPU
	EndGlobalSection
	GlobalSection(SolutionProperties) = preSolution
		HideSolutionNode = FALSE
	EndGlobalSection
EndGlobal
